// !$*UTF8*$!
{
	archiveVersion = 1;
	classes = {
	};
	objectVersion = 46;
	objects = {

/* Begin PBXFileReference section */
		DF4102941BB8D55700E283BA /* bio.html */ = {isa = PBXFileReference; lastKnownFileType = text.html; path = bio.html; sourceTree = "<group>"; };
		DF4102951BB8D5CD00E283BA /* SamWebsite_socialmedia.css */ = {isa = PBXFileReference; lastKnownFileType = text.css; path = SamWebsite_socialmedia.css; sourceTree = "<group>"; };
		DF4102961BB8D65200E283BA /* SamWebsite_bio.css */ = {isa = PBXFileReference; lastKnownFileType = text.css; path = SamWebsite_bio.css; sourceTree = "<group>"; };
		DF4102971BB8D6B500E283BA /* resume.html */ = {isa = PBXFileReference; lastKnownFileType = text.html; path = resume.html; sourceTree = "<group>"; };
		DF4102981BB8D6D100E283BA /* SamWebsite_resume.css */ = {isa = PBXFileReference; lastKnownFileType = text.css; path = SamWebsite_resume.css; sourceTree = "<group>"; };
		DFFFC2141BB71F0000A06C3E /* index.html */ = {isa = PBXFileReference; lastKnownFileType = text.html; path = index.html; sourceTree = "<group>"; };
		DFFFC2151BB720AB00A06C3E /* SamWebsite.css */ = {isa = PBXFileReference; lastKnownFileType = text.css; path = SamWebsite.css; sourceTree = "<group>"; };
		DFFFC2161BB720BA00A06C3E /* SamWebsite_index.css */ = {isa = PBXFileReference; lastKnownFileType = text.css; path = SamWebsite_index.css; sourceTree = "<group>"; };
/* End PBXFileReference section */

/* Begin PBXGroup section */
		DFFFC20D1BB71ED100A06C3E = {
			isa = PBXGroup;
			children = (
				DFFFC2151BB720AB00A06C3E /* SamWebsite.css */,
				DFFFC2161BB720BA00A06C3E /* SamWebsite_index.css */,
				DFFFC2141BB71F0000A06C3E /* index.html */,
				DF4102971BB8D6B500E283BA /* resume.html */,
				DF4102981BB8D6D100E283BA /* SamWebsite_resume.css */,
				DF4102941BB8D55700E283BA /* bio.html */,
				DF4102961BB8D65200E283BA /* SamWebsite_bio.css */,
				DF4102951BB8D5CD00E283BA /* SamWebsite_socialmedia.css */,
			);
			sourceTree = "<group>";
		};
/* End PBXGroup section */

/* Begin PBXProject section */
		DFFFC20E1BB71ED100A06C3E /* Project object */ = {
			isa = PBXProject;
			attributes = {
				LastUpgradeCheck = 0620;
			};
			buildConfigurationList = DFFFC2111BB71ED200A06C3E /* Build configuration list for PBXProject "Assignment1_Comp20" */;
			compatibilityVersion = "Xcode 3.2";
			developmentRegion = English;
			hasScannedForEncodings = 0;
			knownRegions = (
				en,
			);
			mainGroup = DFFFC20D1BB71ED100A06C3E;
			projectDirPath = "";
			projectRoot = "";
			targets = (
			);
		};
/* End PBXProject section */

/* Begin XCBuildConfiguration section */
		DFFFC2121BB71ED200A06C3E /* Debug */ = {
			isa = XCBuildConfiguration;
			buildSettings = {
			};
			name = Debug;
		};
		DFFFC2131BB71ED200A06C3E /* Release */ = {
			isa = XCBuildConfiguration;
			buildSettings = {
			};
			name = Release;
		};
/* End XCBuildConfiguration section */

/* Begin XCConfigurationList section */
		DFFFC2111BB71ED200A06C3E /* Build configuration list for PBXProject "Assignment1_Comp20" */ = {
			isa = XCConfigurationList;
			buildConfigurations = (
				DFFFC2121BB71ED200A06C3E /* Debug */,
				DFFFC2131BB71ED200A06C3E /* Release */,
			);
			defaultConfigurationIsVisible = 0;
			defaultConfigurationName = Release;
		};
/* End XCConfigurationList section */
	};
	rootObject = DFFFC20E1BB71ED100A06C3E /* Project object */;
}
